{
  "name": "express-ejs",
  "version": "1.0.0",
  "lockfileVersion": 1,
  "requires": true,
  "dependencies": {
    "@kwsites/file-exists": {
      "version": "1.1.1",
      "resolved": "https://registry.npmjs.org/@kwsites/file-exists/-/file-exists-1.1.1.tgz",
      "integrity": "sha512-m9/5YGR18lIwxSFDwfE3oA7bWuq9kdau6ugN4H2rJeyhFQZcG9AgSHkQtSD15a8WvTgfz9aikZMrKPHvbpqFiw==",
      "requires": {
        "debug": "^4.1.1"
      }
    },
    "@kwsites/promise-deferred": {
      "version": "1.1.1",
      "resolved": "https://registry.npmjs.org/@kwsites/promise-deferred/-/promise-deferred-1.1.1.tgz",
      "integrity": "sha512-GaHYm+c0O9MjZRu0ongGBRbinu8gVAMd2UZjji6jVmqKtZluZnptXGWhz1E8j8D2HJ3f/yMxKAUC0b+57wncIw=="
    },
    "bluebird": {
      "version": "3.7.2",
      "resolved": "https://registry.npmjs.org/bluebird/-/bluebird-3.7.2.tgz",
      "integrity": "sha512-XpNj6GDQzdfW+r2Wnn7xiSAd7TM3jzkxGXBGTtWKuSXv1xUV+azxAm8jdWZN06QTQk+2N2XB9jRDkvbmQmcRtg=="
    },
    "colors": {
      "version": "1.4.0",
      "resolved": "https://registry.npmjs.org/colors/-/colors-1.4.0.tgz",
      "integrity": "sha512-a+UqTh4kgZg/SlGvfbzDHpgRu7AAQOmmqRHJnxhRZICKFUT91brVhNNt58CMWU9PsBbv3PDCZUHbVxuDiH2mtA=="
    },
    "colors-cli": {
      "version": "1.0.27",
      "resolved": "https://registry.npmjs.org/colors-cli/-/colors-cli-1.0.27.tgz",
      "integrity": "sha512-oyHDobdhzZDRHzVqOX+0owvXkS6recku25PUutP89BggJ3HikYTBpa7HZOoiAwhKFgHdyfJ+YNJyqxM4kBcEUg=="
    },
    "debug": {
      "version": "4.2.0",
      "resolved": "https://registry.npmjs.org/debug/-/debug-4.2.0.tgz",
      "integrity": "sha512-IX2ncY78vDTjZMFUdmsvIRFY2Cf4FnD0wRs+nQwJU8Lu99/tPFdb0VybiiMTPe3I6rQmwsqQqRBvxU+bZ/I8sg==",
      "requires": {
        "ms": "2.1.2"
      }
    },
    "loading-cli": {
      "version": "1.1.0",
      "resolved": "https://registry.npmjs.org/loading-cli/-/loading-cli-1.1.0.tgz",
      "integrity": "sha512-r6Kj0Y3d3isT4vvJ0tFlND1CcLkpatWmlgQs/PEfnSofJSHZwAbsqexnpQEDj4nlxSXEqFWh/Wu2iQXAAZRPNQ==",
      "requires": {
        "colors-cli": "^1.0.26"
      }
    },
    "ms": {
      "version": "2.1.2",
      "resolved": "https://registry.npmjs.org/ms/-/ms-2.1.2.tgz",
      "integrity": "sha512-sGkPx+VjMtmA6MX27oA4FBFELFCZZ4S4XqeGOXCv68tT+jb3vk/RyaKWP0PTKyWtmLSM0b+adUTEvbs1PEaH2w=="
    },
    "npm-programmatic": {
      "version": "0.0.12",
      "resolved": "https://registry.npmjs.org/npm-programmatic/-/npm-programmatic-0.0.12.tgz",
      "integrity": "sha512-fvZdiJS038ZH31z59cEiIywOcgX1u23aLc0wAKF4btyhbYQxE93wTQjzs/URERK+GhS/QghDILQmEvgxu77/zQ==",
      "requires": {
        "bluebird": "^3.4.1"
      }
    },
    "simple-git": {
      "version": "2.22.0",
      "resolved": "https://registry.npmjs.org/simple-git/-/simple-git-2.22.0.tgz",
      "integrity": "sha512-/8WMNrQ5slYl05jYOpeh4BIyMQc84PkEvk9YAcBHVJaPoAgoxzLzdRzUzWDZJ9U6Z2pUjLxkGcQC0kU4pbRN5Q==",
      "requires": {
        "@kwsites/file-exists": "^1.1.1",
        "@kwsites/promise-deferred": "^1.1.1",
        "debug": "^4.1.1"
      }
    }
  }
}
